
Microsoft Visual Studio Solution File, Format Version 12.00
# Visual Studio Version 17
VisualStudioVersion = 17.3.32825.248
MinimumVisualStudioVersion = 10.0.40219.1
Project("{FAE04EC0-301F-11D3-BF4B-00C04F79EFBC}") = "Devs2Blu.ProjetosAula.Aula6loop", "src\Devs2Blu.ProjetosAula.Aula6loop\Devs2Blu.ProjetosAula.Aula6loop.csproj", "{A3975570-96CD-4FDB-BA43-DF4628EEB31E}"
EndProject
Global
	GlobalSection(SolutionConfigurationPlatforms) = preSolution
		Debug|Any CPU = Debug|Any CPU
		Release|Any CPU = Release|Any CPU
	EndGlobalSection
	GlobalSection(ProjectConfigurationPlatforms) = postSolution
		{A3975570-96CD-4FDB-BA43-DF4628EEB31E}.Debug|Any CPU.ActiveCfg = Debug|Any CPU
		{A3975570-96CD-4FDB-BA43-DF4628EEB31E}.Debug|Any CPU.Build.0 = Debug|Any CPU
		{A3975570-96CD-4FDB-BA43-DF4628EEB31E}.Release|Any CPU.ActiveCfg = Release|Any CPU
		{A3975570-96CD-4FDB-BA43-DF4628EEB31E}.Release|Any CPU.Build.0 = Release|Any CPU
	EndGlobalSection
	GlobalSection(SolutionProperties) = preSolution
		HideSolutionNode = FALSE
	EndGlobalSection
	GlobalSection(ExtensibilityGlobals) = postSolution
		SolutionGuid = {76A70E76-0D69-4218-BF45-D06D72A719B0}
	EndGlobalSection
EndGlobal
