
Microsoft Visual Studio Solution File, Format Version 12.00
# Visual Studio Version 17
VisualStudioVersion = 17.3.32825.248
MinimumVisualStudioVersion = 10.0.40219.1
Project("{FAE04EC0-301F-11D3-BF4B-00C04F79EFBC}") = "SlnJogo21", "SlnJogo21\SlnJogo21.csproj", "{ECF5B2E8-9D43-4CED-AADE-7D146E20D44E}"
EndProject
Project("{FAE04EC0-301F-11D3-BF4B-00C04F79EFBC}") = "Devs2Blu.ProjetosAula.Aula6Jogo21", "src\Devs2Blu.ProjetosAula.Aula6Jogo21\Devs2Blu.ProjetosAula.Aula6Jogo21.csproj", "{EA237A3C-D680-4BA9-B36D-DFC2A3025E61}"
EndProject
Global
	GlobalSection(SolutionConfigurationPlatforms) = preSolution
		Debug|Any CPU = Debug|Any CPU
		Release|Any CPU = Release|Any CPU
	EndGlobalSection
	GlobalSection(ProjectConfigurationPlatforms) = postSolution
		{ECF5B2E8-9D43-4CED-AADE-7D146E20D44E}.Debug|Any CPU.ActiveCfg = Debug|Any CPU
		{ECF5B2E8-9D43-4CED-AADE-7D146E20D44E}.Debug|Any CPU.Build.0 = Debug|Any CPU
		{ECF5B2E8-9D43-4CED-AADE-7D146E20D44E}.Release|Any CPU.ActiveCfg = Release|Any CPU
		{ECF5B2E8-9D43-4CED-AADE-7D146E20D44E}.Release|Any CPU.Build.0 = Release|Any CPU
		{EA237A3C-D680-4BA9-B36D-DFC2A3025E61}.Debug|Any CPU.ActiveCfg = Debug|Any CPU
		{EA237A3C-D680-4BA9-B36D-DFC2A3025E61}.Debug|Any CPU.Build.0 = Debug|Any CPU
		{EA237A3C-D680-4BA9-B36D-DFC2A3025E61}.Release|Any CPU.ActiveCfg = Release|Any CPU
		{EA237A3C-D680-4BA9-B36D-DFC2A3025E61}.Release|Any CPU.Build.0 = Release|Any CPU
	EndGlobalSection
	GlobalSection(SolutionProperties) = preSolution
		HideSolutionNode = FALSE
	EndGlobalSection
	GlobalSection(ExtensibilityGlobals) = postSolution
		SolutionGuid = {52540D2D-C2E8-4933-AC0C-C314AAD927A2}
	EndGlobalSection
EndGlobal
