
Microsoft Visual Studio Solution File, Format Version 12.00
# Visual Studio Version 17
VisualStudioVersion = 17.3.32901.215
MinimumVisualStudioVersion = 10.0.40219.1
Project("{FAE04EC0-301F-11D3-BF4B-00C04F79EFBC}") = "Devs2Blu.ProjetosAula.AulaOOP2", "src\Devs2Blu.ProjetosAula.AulaOOP2\Devs2Blu.ProjetosAula.AulaOOP2.csproj", "{6FB5A177-035F-4FF7-B981-FF2A547CFBD2}"
EndProject
Project("{FAE04EC0-301F-11D3-BF4B-00C04F79EFBC}") = "Devs2Blu.ProjetosAula.AulaOOP2Classes", "src\Devs2Blu.ProjetosAula.AulaOOP2Classes\Devs2Blu.ProjetosAula.AulaOOP2Classes.csproj", "{FC191B36-BEF1-4DD4-A211-F3D16AECF5F3}"
EndProject
Global
	GlobalSection(SolutionConfigurationPlatforms) = preSolution
		Debug|Any CPU = Debug|Any CPU
		Release|Any CPU = Release|Any CPU
	EndGlobalSection
	GlobalSection(ProjectConfigurationPlatforms) = postSolution
		{6FB5A177-035F-4FF7-B981-FF2A547CFBD2}.Debug|Any CPU.ActiveCfg = Debug|Any CPU
		{6FB5A177-035F-4FF7-B981-FF2A547CFBD2}.Debug|Any CPU.Build.0 = Debug|Any CPU
		{6FB5A177-035F-4FF7-B981-FF2A547CFBD2}.Release|Any CPU.ActiveCfg = Release|Any CPU
		{6FB5A177-035F-4FF7-B981-FF2A547CFBD2}.Release|Any CPU.Build.0 = Release|Any CPU
		{FC191B36-BEF1-4DD4-A211-F3D16AECF5F3}.Debug|Any CPU.ActiveCfg = Debug|Any CPU
		{FC191B36-BEF1-4DD4-A211-F3D16AECF5F3}.Debug|Any CPU.Build.0 = Debug|Any CPU
		{FC191B36-BEF1-4DD4-A211-F3D16AECF5F3}.Release|Any CPU.ActiveCfg = Release|Any CPU
		{FC191B36-BEF1-4DD4-A211-F3D16AECF5F3}.Release|Any CPU.Build.0 = Release|Any CPU
	EndGlobalSection
	GlobalSection(SolutionProperties) = preSolution
		HideSolutionNode = FALSE
	EndGlobalSection
	GlobalSection(ExtensibilityGlobals) = postSolution
		SolutionGuid = {7CF8243E-2850-414C-B4B4-020CB38259F1}
	EndGlobalSection
EndGlobal
